// !$*UTF8*$!
{
	archiveVersion = 1;
	classes = {
	};
	objectVersion = 50;
	objects = {

/* Begin PBXBuildFile section */
		36BBC65E244C6DF7005B7E2E /* AppDelegate.swift in Sources */ = {isa = PBXBuildFile; fileRef = 36BBC65D244C6DF7005B7E2E /* AppDelegate.swift */; };
		36BBC660244C6DF7005B7E2E /* SceneDelegate.swift in Sources */ = {isa = PBXBuildFile; fileRef = 36BBC65F244C6DF7005B7E2E /* SceneDelegate.swift */; };
		36BBC662244C6DF7005B7E2E /* ViewController.swift in Sources */ = {isa = PBXBuildFile; fileRef = 36BBC661244C6DF7005B7E2E /* ViewController.swift */; };
		36BBC665244C6DF7005B7E2E /* Main.storyboard in Resources */ = {isa = PBXBuildFile; fileRef = 36BBC663244C6DF7005B7E2E /* Main.storyboard */; };
		36BBC667244C6DF8005B7E2E /* Assets.xcassets in Resources */ = {isa = PBXBuildFile; fileRef = 36BBC666244C6DF8005B7E2E /* Assets.xcassets */; };
		36BBC66A244C6DF8005B7E2E /* LaunchScreen.storyboard in Resources */ = {isa = PBXBuildFile; fileRef = 36BBC668244C6DF8005B7E2E /* LaunchScreen.storyboard */; };
/* End PBXBuildFile section */

/* Begin PBXFileReference section */
		36BBC65A244C6DF7005B7E2E /* UITextFieldDatePicker.app */ = {isa = PBXFileReference; explicitFileType = wrapper.application; includeInIndex = 0; path = UITextFieldDatePicker.app; sourceTree = BUILT_PRODUCTS_DIR; };
		36BBC65D244C6DF7005B7E2E /* AppDelegate.swift */ = {isa = PBXFileReference; lastKnownFileType = sourcecode.swift; path = AppDelegate.swift; sourceTree = "<group>"; };
		36BBC65F244C6DF7005B7E2E /* SceneDelegate.swift */ = {isa = PBXFileReference; lastKnownFileType = sourcecode.swift; path = SceneDelegate.swift; sourceTree = "<group>"; };
		36BBC661244C6DF7005B7E2E /* ViewController.swift */ = {isa = PBXFileReference; lastKnownFileType = sourcecode.swift; path = ViewController.swift; sourceTree = "<group>"; };
		36BBC664244C6DF7005B7E2E /* Base */ = {isa = PBXFileReference; lastKnownFileType = file.storyboard; name = Base; path = Base.lproj/Main.storyboard; sourceTree = "<group>"; };
		36BBC666244C6DF8005B7E2E /* Assets.xcassets */ = {isa = PBXFileReference; lastKnownFileType = folder.assetcatalog; path = Assets.xcassets; sourceTree = "<group>"; };
		36BBC669244C6DF8005B7E2E /* Base */ = {isa = PBXFileReference; lastKnownFileType = file.storyboard; name = Base; path = Base.lproj/LaunchScreen.storyboard; sourceTree = "<group>"; };
		36BBC66B244C6DF8005B7E2E /* Info.plist */ = {isa = PBXFileReference; lastKnownFileType = text.plist.xml; path = Info.plist; sourceTree = "<group>"; };
/* End PBXFileReference section */

/* Begin PBXFrameworksBuildPhase section */
		36BBC657244C6DF7005B7E2E /* Frameworks */ = {
			isa = PBXFrameworksBuildPhase;
			buildActionMask = 2147483647;
			files = (
			);
			runOnlyForDeploymentPostprocessing = 0;
		};
/* End PBXFrameworksBuildPhase section */

/* Begin PBXGroup section */
		36BBC651244C6DF7005B7E2E = {
			isa = PBXGroup;
			children = (
				36BBC65C244C6DF7005B7E2E /* UITextFieldDatePicker */,
				36BBC65B244C6DF7005B7E2E /* Products */,
			);
			sourceTree = "<group>";
		};
		36BBC65B244C6DF7005B7E2E /* Products */ = {
			isa = PBXGroup;
			children = (
				36BBC65A244C6DF7005B7E2E /* UITextFieldDatePicker.app */,
			);
			name = Products;
			sourceTree = "<group>";
		};
		36BBC65C244C6DF7005B7E2E /* UITextFieldDatePicker */ = {
			isa = PBXGroup;
			children = (
				36BBC65D244C6DF7005B7E2E /* AppDelegate.swift */,
				36BBC65F244C6DF7005B7E2E /* SceneDelegate.swift */,
				36BBC661244C6DF7005B7E2E /* ViewController.swift */,
				36BBC663244C6DF7005B7E2E /* Main.storyboard */,
				36BBC666244C6DF8005B7E2E /* Assets.xcassets */,
				36BBC668244C6DF8005B7E2E /* LaunchScreen.storyboard */,
				36BBC66B244C6DF8005B7E2E /* Info.plist */,
			);
			path = UITextFieldDatePicker;
			sourceTree = "<group>";
		};
/* End PBXGroup section */

/* Begin PBXNativeTarget section */
		36BBC659244C6DF7005B7E2E /* UITextFieldDatePicker */ = {
			isa = PBXNativeTarget;
			buildConfigurationList = 36BBC66E244C6DF8005B7E2E /* Build configuration list for PBXNativeTarget "UITextFieldDatePicker" */;
			buildPhases = (
				36BBC656244C6DF7005B7E2E /* Sources */,
				36BBC657244C6DF7005B7E2E /* Frameworks */,
				36BBC658244C6DF7005B7E2E /* Resources */,
			);
			buildRules = (
			);
			dependencies = (
			);
			name = UITextFieldDatePicker;
			productName = UITextFieldDatePicker;
			productReference = 36BBC65A244C6DF7005B7E2E /* UITextFieldDatePicker.app */;
			productType = "com.apple.product-type.application";
		};
/* End PBXNativeTarget section */

/* Begin PBXProject section */
		36BBC652244C6DF7005B7E2E /* Project object */ = {
			isa = PBXProject;
			attributes = {
				LastSwiftUpdateCheck = 1130;
				LastUpgradeCheck = 1130;
				ORGANIZATIONNAME = ProgrammingWithSwift;
				TargetAttributes = {
					36BBC659244C6DF7005B7E2E = {
						CreatedOnToolsVersion = 11.3.1;
					};
				};
			};
			buildConfigurationList = 36BBC655244C6DF7005B7E2E /* Build configuration list for PBXProject "UITextFieldDatePicker" */;
			compatibilityVersion = "Xcode 9.3";
			developmentRegion = en;
			hasScannedForEncodings = 0;
			knownRegions = (
				en,
				Base,
			);
			mainGroup = 36BBC651244C6DF7005B7E2E;
			productRefGroup = 36BBC65B244C6DF7005B7E2E /* Products */;
			projectDirPath = "";
			projectRoot = "";
			targets = (
				36BBC659244C6DF7005B7E2E /* UITextFieldDatePicker */,
			);
		};
/* End PBXProject section */

/* Begin PBXResourcesBuildPhase section */
		36BBC658244C6DF7005B7E2E /* Resources */ = {
			isa = PBXResourcesBuildPhase;
			buildActionMask = 2147483647;
			files = (
				36BBC66A244C6DF8005B7E2E /* LaunchScreen.storyboard in Resources */,
				36BBC667244C6DF8005B7E2E /* Assets.xcassets in Resources */,
				36BBC665244C6DF7005B7E2E /* Main.storyboard in Resources */,
			);
			runOnlyForDeploymentPostprocessing = 0;
		};
/* End PBXResourcesBuildPhase section */

/* Begin PBXSourcesBuildPhase section */
		36BBC656244C6DF7005B7E2E /* Sources */ = {
			isa = PBXSourcesBuildPhase;
			buildActionMask = 2147483647;
			files = (
				36BBC662244C6DF7005B7E2E /* ViewController.swift in Sources */,
				36BBC65E244C6DF7005B7E2E /* AppDelegate.swift in Sources */,
				36BBC660244C6DF7005B7E2E /* SceneDelegate.swift in Sources */,
			);
			runOnlyForDeploymentPostprocessing = 0;
		};
/* End PBXSourcesBuildPhase section */

/* Begin PBXVariantGroup section */
		36BBC663244C6DF7005B7E2E /* Main.storyboard */ = {
			isa = PBXVariantGroup;
			children = (
				36BBC664244C6DF7005B7E2E /* Base */,
			);
			name = Main.storyboard;
			sourceTree = "<group>";
		};
		36BBC668244C6DF8005B7E2E /* LaunchScreen.storyboard */ = {
			isa = PBXVariantGroup;
			children = (
				36BBC669244C6DF8005B7E2E /* Base */,
			);
			name = LaunchScreen.storyboard;
			sourceTree = "<group>";
		};
/* End PBXVariantGroup section */

/* Begin XCBuildConfiguration section */
		36BBC66C244C6DF8005B7E2E /* Debug */ = {
			isa = XCBuildConfiguration;
			buildSettings = {
				ALWAYS_SEARCH_USER_PATHS = NO;
				CLANG_ANALYZER_NONNULL = YES;
				CLANG_ANALYZER_NUMBER_OBJECT_CONVERSION = YES_AGGRESSIVE;
				CLANG_CXX_LANGUAGE_STANDARD = "gnu++14";
				CLANG_CXX_LIBRARY = "libc++";
				CLANG_ENABLE_MODULES = YES;
				CLANG_ENABLE_OBJC_ARC = YES;
				CLANG_ENABLE_OBJC_WEAK = YES;
				CLANG_WARN_BLOCK_CAPTURE_AUTORELEASING = YES;
				CLANG_WARN_BOOL_CONVERSION = YES;
				CLANG_WARN_COMMA = YES;
				CLANG_WARN_CONSTANT_CONVERSION = YES;
				CLANG_WARN_DEPRECATED_OBJC_IMPLEMENTATIONS = YES;
				CLANG_WARN_DIRECT_OBJC_ISA_USAGE = YES_ERROR;
				CLANG_WARN_DOCUMENTATION_COMMENTS = YES;
				CLANG_WARN_EMPTY_BODY = YES;
				CLANG_WARN_ENUM_CONVERSION = YES;
				CLANG_WARN_INFINITE_RECURSION = YES;
				CLANG_WARN_INT_CONVERSION = YES;
				CLANG_WARN_NON_LITERAL_NULL_CONVERSION = YES;
				CLANG_WARN_OBJC_IMPLICIT_RETAIN_SELF = YES;
				CLANG_WARN_OBJC_LITERAL_CONVERSION = YES;
				CLANG_WARN_OBJC_ROOT_CLASS = YES_ERROR;
				CLANG_WARN_RANGE_LOOP_ANALYSIS = YES;
				CLANG_WARN_STRICT_PROTOTYPES = YES;
				CLANG_WARN_SUSPICIOUS_MOVE = YES;
				CLANG_WARN_UNGUARDED_AVAILABILITY = YES_AGGRESSIVE;
				CLANG_WARN_UNREACHABLE_CODE = YES;
				CLANG_WARN__DUPLICATE_METHOD_MATCH = YES;
				COPY_PHASE_STRIP = NO;
				DEBUG_INFORMATION_FORMAT = dwarf;
				ENABLE_STRICT_OBJC_MSGSEND = YES;
				ENABLE_TESTABILITY = YES;
				GCC_C_LANGUAGE_STANDARD = gnu11;
				GCC_DYNAMIC_NO_PIC = NO;
				GCC_NO_COMMON_BLOCKS = YES;
				GCC_OPTIMIZATION_LEVEL = 0;
				GCC_PREPROCESSOR_DEFINITIONS = (
					"DEBUG=1",
					"$(inherited)",
				);
				GCC_WARN_64_TO_32_BIT_CONVERSION = YES;
				GCC_WARN_ABOUT_RETURN_TYPE = YES_ERROR;
				GCC_WARN_UNDECLARED_SELECTOR = YES;
				GCC_WARN_UNINITIALIZED_AUTOS = YES_AGGRESSIVE;
				GCC_WARN_UNUSED_FUNCTION = YES;
				GCC_WARN_UNUSED_VARIABLE = YES;
				IPHONEOS_DEPLOYMENT_TARGET = 13.2;
				MTL_ENABLE_DEBUG_INFO = INCLUDE_SOURCE;
				MTL_FAST_MATH = YES;
				ONLY_ACTIVE_ARCH = YES;
				SDKROOT = iphoneos;
				SWIFT_ACTIVE_COMPILATION_CONDITIONS = DEBUG;
				SWIFT_OPTIMIZATION_LEVEL = "-Onone";
			};
			name = Debug;
		};
		36BBC66D244C6DF8005B7E2E /* Release */ = {
			isa = XCBuildConfiguration;
			buildSettings = {
				ALWAYS_SEARCH_USER_PATHS = NO;
				CLANG_ANALYZER_NONNULL = YES;
				CLANG_ANALYZER_NUMBER_OBJECT_CONVERSION = YES_AGGRESSIVE;
				CLANG_CXX_LANGUAGE_STANDARD = "gnu++14";
				CLANG_CXX_LIBRARY = "libc++";
				CLANG_ENABLE_MODULES = YES;
				CLANG_ENABLE_OBJC_ARC = YES;
				CLANG_ENABLE_OBJC_WEAK = YES;
				CLANG_WARN_BLOCK_CAPTURE_AUTORELEASING = YES;
				CLANG_WARN_BOOL_CONVERSION = YES;
				CLANG_WARN_COMMA = YES;
				CLANG_WARN_CONSTANT_CONVERSION = YES;
				CLANG_WARN_DEPRECATED_OBJC_IMPLEMENTATIONS = YES;
				CLANG_WARN_DIRECT_OBJC_ISA_USAGE = YES_ERROR;
				CLANG_WARN_DOCUMENTATION_COMMENTS = YES;
				CLANG_WARN_EMPTY_BODY = YES;
				CLANG_WARN_ENUM_CONVERSION = YES;
				CLANG_WARN_INFINITE_RECURSION = YES;
				CLANG_WARN_INT_CONVERSION = YES;
				CLANG_WARN_NON_LITERAL_NULL_CONVERSION = YES;
				CLANG_WARN_OBJC_IMPLICIT_RETAIN_SELF = YES;
				CLANG_WARN_OBJC_LITERAL_CONVERSION = YES;
				CLANG_WARN_OBJC_ROOT_CLASS = YES_ERROR;
				CLANG_WARN_RANGE_LOOP_ANALYSIS = YES;
				CLANG_WARN_STRICT_PROTOTYPES = YES;
				CLANG_WARN_SUSPICIOUS_MOVE = YES;
				CLANG_WARN_UNGUARDED_AVAILABILITY = YES_AGGRESSIVE;
				CLANG_WARN_UNREACHABLE_CODE = YES;
				CLANG_WARN__DUPLICATE_METHOD_MATCH = YES;
				COPY_PHASE_STRIP = NO;
				DEBUG_INFORMATION_FORMAT = "dwarf-with-dsym";
				ENABLE_NS_ASSERTIONS = NO;
				ENABLE_STRICT_OBJC_MSGSEND = YES;
				GCC_C_LANGUAGE_STANDARD = gnu11;
				GCC_NO_COMMON_BLOCKS = YES;
				GCC_WARN_64_TO_32_BIT_CONVERSION = YES;
				GCC_WARN_ABOUT_RETURN_TYPE = YES_ERROR;
				GCC_WARN_UNDECLARED_SELECTOR = YES;
				GCC_WARN_UNINITIALIZED_AUTOS = YES_AGGRESSIVE;
				GCC_WARN_UNUSED_FUNCTION = YES;
				GCC_WARN_UNUSED_VARIABLE = YES;
				IPHONEOS_DEPLOYMENT_TARGET = 13.2;
				MTL_ENABLE_DEBUG_INFO = NO;
				MTL_FAST_MATH = YES;
				SDKROOT = iphoneos;
				SWIFT_COMPILATION_MODE = wholemodule;
				SWIFT_OPTIMIZATION_LEVEL = "-O";
				VALIDATE_PRODUCT = YES;
			};
			name = Release;
		};
		36BBC66F244C6DF8005B7E2E /* Debug */ = {
			isa = XCBuildConfiguration;
			buildSettings = {
				ASSETCATALOG_COMPILER_APPICON_NAME = AppIcon;
				CODE_SIGN_STYLE = Manual;
				DEVELOPMENT_TEAM = "";
				INFOPLIST_FILE = UITextFieldDatePicker/Info.plist;
				LD_RUNPATH_SEARCH_PATHS = (
					"$(inherited)",
					"@executable_path/Frameworks",
				);
				PRODUCT_BUNDLE_IDENTIFIER = com.programmingwithswift.UITextFieldDatePicker;
				PRODUCT_NAME = "$(TARGET_NAME)";
				PROVISIONING_PROFILE_SPECIFIER = "";
				SWIFT_VERSION = 5.0;
				TARGETED_DEVICE_FAMILY = "1,2";
			};
			name = Debug;
		};
		36BBC670244C6DF8005B7E2E /* Release */ = {
			isa = XCBuildConfiguration;
			buildSettings = {
				ASSETCATALOG_COMPILER_APPICON_NAME = AppIcon;
				CODE_SIGN_STYLE = Manual;
				DEVELOPMENT_TEAM = "";
				INFOPLIST_FILE = UITextFieldDatePicker/Info.plist;
				LD_RUNPATH_SEARCH_PATHS = (
					"$(inherited)",
					"@executable_path/Frameworks",
				);
				PRODUCT_BUNDLE_IDENTIFIER = com.programmingwithswift.UITextFieldDatePicker;
				PRODUCT_NAME = "$(TARGET_NAME)";
				PROVISIONING_PROFILE_SPECIFIER = "";
				SWIFT_VERSION = 5.0;
				TARGETED_DEVICE_FAMILY = "1,2";
			};
			name = Release;
		};
/* End XCBuildConfiguration section */

/* Begin XCConfigurationList section */
		36BBC655244C6DF7005B7E2E /* Build configuration list for PBXProject "UITextFieldDatePicker" */ = {
			isa = XCConfigurationList;
			buildConfigurations = (
				36BBC66C244C6DF8005B7E2E /* Debug */,
				36BBC66D244C6DF8005B7E2E /* Release */,
			);
			defaultConfigurationIsVisible = 0;
			defaultConfigurationName = Release;
		};
		36BBC66E244C6DF8005B7E2E /* Build configuration list for PBXNativeTarget "UITextFieldDatePicker" */ = {
			isa = XCConfigurationList;
			buildConfigurations = (
				36BBC66F244C6DF8005B7E2E /* Debug */,
				36BBC670244C6DF8005B7E2E /* Release */,
			);
			defaultConfigurationIsVisible = 0;
			defaultConfigurationName = Release;
		};
/* End XCConfigurationList section */
	};
	rootObject = 36BBC652244C6DF7005B7E2E /* Project object */;
}
